
Microsoft Visual Studio Solution File, Format Version 12.00
# Visual Studio Version 17
VisualStudioVersion = 17.11.35312.102
MinimumVisualStudioVersion = 10.0.40219.1
Project("{2150E333-8FDC-42A3-9474-1A3956D46DE8}") = "Task0", "Task0", "{22A072DD-BED7-48A6-B946-DCE36FCE54ED}"
EndProject
Project("{9A19103F-16F7-4668-BE54-9A1E7A4F7556}") = "Tyuiu.RubankoGV.Sprint2.Task0.V21", "Tyuiu.RubankoGV.Sprint2.Task0.V21\Tyuiu.RubankoGV.Sprint2.Task0.V21.csproj", "{54820C0E-7D4C-4D5C-93A6-62F68A55FCD3}"
EndProject
Project("{9A19103F-16F7-4668-BE54-9A1E7A4F7556}") = "Tyuiu.RubankoGV.Sprint2.Task0.V21.Lib", "Tyuiu.RubankoGV.Sprint2.Task0.V21.Lib\Tyuiu.RubankoGV.Sprint2.Task0.V21.Lib.csproj", "{6012C69C-D509-44DC-B99E-555B0E97901F}"
EndProject
Project("{9A19103F-16F7-4668-BE54-9A1E7A4F7556}") = "Tyuiu.RubankoGV.Sprint2.Task0.V21.Test", "Tyuiu.RubankoGV.Sprint2.Task0.V21.Test\Tyuiu.RubankoGV.Sprint2.Task0.V21.Test.csproj", "{8B856A34-532B-4427-A5AD-1D8EBA47E9F5}"
EndProject
Project("{2150E333-8FDC-42A3-9474-1A3956D46DE8}") = "Task1", "Task1", "{7E8F9772-74BB-4E5B-B159-973F5C22EFBE}"
EndProject
Project("{FAE04EC0-301F-11D3-BF4B-00C04F79EFBC}") = "Tyuiu.RubankoGV.Sprint2.Task1.V2", "Tyuiu.RubankoGV.Sprint2.Task1.V2\Tyuiu.RubankoGV.Sprint2.Task1.V2.csproj", "{CD796591-544A-4397-AE05-D9BB3C718211}"
EndProject
Project("{FAE04EC0-301F-11D3-BF4B-00C04F79EFBC}") = "Tyuiu.RubankoGV.Sprint2.Task1.V2.Lib", "Tyuiu.RubankoGV.Sprint2.Task1.V2.Lib\Tyuiu.RubankoGV.Sprint2.Task1.V2.Lib.csproj", "{10D5DEBC-AD0F-466A-9BE5-C24DD9C8D8F7}"
EndProject
Project("{FAE04EC0-301F-11D3-BF4B-00C04F79EFBC}") = "Tyuiu.RubankoGV.Sprint2.Task1.V2.Test", "Tyuiu.RubankoGV.Sprint2.Task1.V2.Test\Tyuiu.RubankoGV.Sprint2.Task1.V2.Test.csproj", "{1F15634F-D3CC-4587-9181-5DDFA9EBAB1C}"
EndProject
Project("{2150E333-8FDC-42A3-9474-1A3956D46DE8}") = "Task2", "Task2", "{228A0CCC-4902-4132-825B-F5FF555811E8}"
EndProject
Project("{FAE04EC0-301F-11D3-BF4B-00C04F79EFBC}") = "Tyuiu.RubankoGV.Sprint2.Task2.V14", "Tyuiu.RubankoGV.Sprint2.Task2.V14\Tyuiu.RubankoGV.Sprint2.Task2.V14.csproj", "{0102ABEB-DC0A-45BB-B1F1-42D9D5A8E497}"
EndProject
Project("{FAE04EC0-301F-11D3-BF4B-00C04F79EFBC}") = "Tyuiu.RubankoGV.Sprint2.Task2.V14.Lib", "Tyuiu.RubankoGV.Sprint2.Task2.V14.Lib\Tyuiu.RubankoGV.Sprint2.Task2.V14.Lib.csproj", "{7DB6DAB9-0AFC-4B21-8DDA-5CFCA8C15FA5}"
EndProject
Project("{FAE04EC0-301F-11D3-BF4B-00C04F79EFBC}") = "Tyuiu.RubankoGV.Sprint2.Task2.V14.Test", "Tyuiu.RubankoGV.Sprint2.Task2.V14.Test\Tyuiu.RubankoGV.Sprint2.Task2.V14.Test.csproj", "{43C16D19-8F83-46D7-A67F-D343784467A2}"
EndProject
Project("{2150E333-8FDC-42A3-9474-1A3956D46DE8}") = "Task3", "Task3", "{920F2629-69C1-4DC3-8F9A-BE91ECCAE8A8}"
EndProject
Project("{FAE04EC0-301F-11D3-BF4B-00C04F79EFBC}") = "Tyuiu.RubankoGV.Sprint2.Task3.V16", "Tyuiu.RubankoGV.Sprint2.Task3.V16\Tyuiu.RubankoGV.Sprint2.Task3.V16.csproj", "{EDA3379D-9096-4A40-8529-09157BB9913D}"
EndProject
Project("{FAE04EC0-301F-11D3-BF4B-00C04F79EFBC}") = "Tyuiu.RubankoGV.Sprint2.Task3.V16.Lib", "Tyuiu.RubankoGV.Sprint2.Task3.V16.Lib\Tyuiu.RubankoGV.Sprint2.Task3.V16.Lib.csproj", "{644CF10D-8875-4161-985F-7EBB0899ADCB}"
EndProject
Project("{FAE04EC0-301F-11D3-BF4B-00C04F79EFBC}") = "Tyuiu.RubankoGV.Sprint2.Task3.V16.Test", "Tyuiu.RubankoGV.Sprint2.Task3.V16.Test\Tyuiu.RubankoGV.Sprint2.Task3.V16.Test.csproj", "{1396A0E6-C35F-4A58-B483-7B7006DF575E}"
EndProject
Global
	GlobalSection(SolutionConfigurationPlatforms) = preSolution
		Debug|Any CPU = Debug|Any CPU
		Release|Any CPU = Release|Any CPU
	EndGlobalSection
	GlobalSection(ProjectConfigurationPlatforms) = postSolution
		{54820C0E-7D4C-4D5C-93A6-62F68A55FCD3}.Debug|Any CPU.ActiveCfg = Debug|Any CPU
		{54820C0E-7D4C-4D5C-93A6-62F68A55FCD3}.Debug|Any CPU.Build.0 = Debug|Any CPU
		{54820C0E-7D4C-4D5C-93A6-62F68A55FCD3}.Release|Any CPU.ActiveCfg = Release|Any CPU
		{54820C0E-7D4C-4D5C-93A6-62F68A55FCD3}.Release|Any CPU.Build.0 = Release|Any CPU
		{6012C69C-D509-44DC-B99E-555B0E97901F}.Debug|Any CPU.ActiveCfg = Debug|Any CPU
		{6012C69C-D509-44DC-B99E-555B0E97901F}.Debug|Any CPU.Build.0 = Debug|Any CPU
		{6012C69C-D509-44DC-B99E-555B0E97901F}.Release|Any CPU.ActiveCfg = Release|Any CPU
		{6012C69C-D509-44DC-B99E-555B0E97901F}.Release|Any CPU.Build.0 = Release|Any CPU
		{8B856A34-532B-4427-A5AD-1D8EBA47E9F5}.Debug|Any CPU.ActiveCfg = Debug|Any CPU
		{8B856A34-532B-4427-A5AD-1D8EBA47E9F5}.Debug|Any CPU.Build.0 = Debug|Any CPU
		{8B856A34-532B-4427-A5AD-1D8EBA47E9F5}.Release|Any CPU.ActiveCfg = Release|Any CPU
		{8B856A34-532B-4427-A5AD-1D8EBA47E9F5}.Release|Any CPU.Build.0 = Release|Any CPU
		{CD796591-544A-4397-AE05-D9BB3C718211}.Debug|Any CPU.ActiveCfg = Debug|Any CPU
		{CD796591-544A-4397-AE05-D9BB3C718211}.Debug|Any CPU.Build.0 = Debug|Any CPU
		{CD796591-544A-4397-AE05-D9BB3C718211}.Release|Any CPU.ActiveCfg = Release|Any CPU
		{CD796591-544A-4397-AE05-D9BB3C718211}.Release|Any CPU.Build.0 = Release|Any CPU
		{10D5DEBC-AD0F-466A-9BE5-C24DD9C8D8F7}.Debug|Any CPU.ActiveCfg = Debug|Any CPU
		{10D5DEBC-AD0F-466A-9BE5-C24DD9C8D8F7}.Debug|Any CPU.Build.0 = Debug|Any CPU
		{10D5DEBC-AD0F-466A-9BE5-C24DD9C8D8F7}.Release|Any CPU.ActiveCfg = Release|Any CPU
		{10D5DEBC-AD0F-466A-9BE5-C24DD9C8D8F7}.Release|Any CPU.Build.0 = Release|Any CPU
		{1F15634F-D3CC-4587-9181-5DDFA9EBAB1C}.Debug|Any CPU.ActiveCfg = Debug|Any CPU
		{1F15634F-D3CC-4587-9181-5DDFA9EBAB1C}.Debug|Any CPU.Build.0 = Debug|Any CPU
		{1F15634F-D3CC-4587-9181-5DDFA9EBAB1C}.Release|Any CPU.ActiveCfg = Release|Any CPU
		{1F15634F-D3CC-4587-9181-5DDFA9EBAB1C}.Release|Any CPU.Build.0 = Release|Any CPU
		{0102ABEB-DC0A-45BB-B1F1-42D9D5A8E497}.Debug|Any CPU.ActiveCfg = Debug|Any CPU
		{0102ABEB-DC0A-45BB-B1F1-42D9D5A8E497}.Debug|Any CPU.Build.0 = Debug|Any CPU
		{0102ABEB-DC0A-45BB-B1F1-42D9D5A8E497}.Release|Any CPU.ActiveCfg = Release|Any CPU
		{0102ABEB-DC0A-45BB-B1F1-42D9D5A8E497}.Release|Any CPU.Build.0 = Release|Any CPU
		{7DB6DAB9-0AFC-4B21-8DDA-5CFCA8C15FA5}.Debug|Any CPU.ActiveCfg = Debug|Any CPU
		{7DB6DAB9-0AFC-4B21-8DDA-5CFCA8C15FA5}.Debug|Any CPU.Build.0 = Debug|Any CPU
		{7DB6DAB9-0AFC-4B21-8DDA-5CFCA8C15FA5}.Release|Any CPU.ActiveCfg = Release|Any CPU
		{7DB6DAB9-0AFC-4B21-8DDA-5CFCA8C15FA5}.Release|Any CPU.Build.0 = Release|Any CPU
		{43C16D19-8F83-46D7-A67F-D343784467A2}.Debug|Any CPU.ActiveCfg = Debug|Any CPU
		{43C16D19-8F83-46D7-A67F-D343784467A2}.Debug|Any CPU.Build.0 = Debug|Any CPU
		{43C16D19-8F83-46D7-A67F-D343784467A2}.Release|Any CPU.ActiveCfg = Release|Any CPU
		{43C16D19-8F83-46D7-A67F-D343784467A2}.Release|Any CPU.Build.0 = Release|Any CPU
		{EDA3379D-9096-4A40-8529-09157BB9913D}.Debug|Any CPU.ActiveCfg = Debug|Any CPU
		{EDA3379D-9096-4A40-8529-09157BB9913D}.Debug|Any CPU.Build.0 = Debug|Any CPU
		{EDA3379D-9096-4A40-8529-09157BB9913D}.Release|Any CPU.ActiveCfg = Release|Any CPU
		{EDA3379D-9096-4A40-8529-09157BB9913D}.Release|Any CPU.Build.0 = Release|Any CPU
		{644CF10D-8875-4161-985F-7EBB0899ADCB}.Debug|Any CPU.ActiveCfg = Debug|Any CPU
		{644CF10D-8875-4161-985F-7EBB0899ADCB}.Debug|Any CPU.Build.0 = Debug|Any CPU
		{644CF10D-8875-4161-985F-7EBB0899ADCB}.Release|Any CPU.ActiveCfg = Release|Any CPU
		{644CF10D-8875-4161-985F-7EBB0899ADCB}.Release|Any CPU.Build.0 = Release|Any CPU
		{1396A0E6-C35F-4A58-B483-7B7006DF575E}.Debug|Any CPU.ActiveCfg = Debug|Any CPU
		{1396A0E6-C35F-4A58-B483-7B7006DF575E}.Debug|Any CPU.Build.0 = Debug|Any CPU
		{1396A0E6-C35F-4A58-B483-7B7006DF575E}.Release|Any CPU.ActiveCfg = Release|Any CPU
		{1396A0E6-C35F-4A58-B483-7B7006DF575E}.Release|Any CPU.Build.0 = Release|Any CPU
	EndGlobalSection
	GlobalSection(SolutionProperties) = preSolution
		HideSolutionNode = FALSE
	EndGlobalSection
	GlobalSection(NestedProjects) = preSolution
		{54820C0E-7D4C-4D5C-93A6-62F68A55FCD3} = {22A072DD-BED7-48A6-B946-DCE36FCE54ED}
		{6012C69C-D509-44DC-B99E-555B0E97901F} = {22A072DD-BED7-48A6-B946-DCE36FCE54ED}
		{8B856A34-532B-4427-A5AD-1D8EBA47E9F5} = {22A072DD-BED7-48A6-B946-DCE36FCE54ED}
		{CD796591-544A-4397-AE05-D9BB3C718211} = {7E8F9772-74BB-4E5B-B159-973F5C22EFBE}
		{10D5DEBC-AD0F-466A-9BE5-C24DD9C8D8F7} = {7E8F9772-74BB-4E5B-B159-973F5C22EFBE}
		{1F15634F-D3CC-4587-9181-5DDFA9EBAB1C} = {7E8F9772-74BB-4E5B-B159-973F5C22EFBE}
		{0102ABEB-DC0A-45BB-B1F1-42D9D5A8E497} = {228A0CCC-4902-4132-825B-F5FF555811E8}
		{7DB6DAB9-0AFC-4B21-8DDA-5CFCA8C15FA5} = {228A0CCC-4902-4132-825B-F5FF555811E8}
		{43C16D19-8F83-46D7-A67F-D343784467A2} = {228A0CCC-4902-4132-825B-F5FF555811E8}
		{EDA3379D-9096-4A40-8529-09157BB9913D} = {920F2629-69C1-4DC3-8F9A-BE91ECCAE8A8}
		{644CF10D-8875-4161-985F-7EBB0899ADCB} = {920F2629-69C1-4DC3-8F9A-BE91ECCAE8A8}
		{1396A0E6-C35F-4A58-B483-7B7006DF575E} = {920F2629-69C1-4DC3-8F9A-BE91ECCAE8A8}
	EndGlobalSection
	GlobalSection(ExtensibilityGlobals) = postSolution
		SolutionGuid = {AB2FCA59-453F-4AF1-AA09-DCD377F65EFD}
	EndGlobalSection
EndGlobal
